// !$*UTF8*$!
{
	archiveVersion = 1;
	classes = {
	};
	objectVersion = 56;
	objects = {

/* Begin PBXBuildFile section */
		4A07C26A2AB466500058EC53 /* HomeView.swift in Sources */ = {isa = PBXBuildFile; fileRef = 4A07C2692AB466500058EC53 /* HomeView.swift */; };
		4A07C26C2AB46EB90058EC53 /* LoginView.swift in Sources */ = {isa = PBXBuildFile; fileRef = 4A07C26B2AB46EB90058EC53 /* LoginView.swift */; };
		4A07C26E2AB46EC70058EC53 /* SignupView.swift in Sources */ = {isa = PBXBuildFile; fileRef = 4A07C26D2AB46EC70058EC53 /* SignupView.swift */; };
		4A07C2702AB46EED0058EC53 /* NavigationViewModel.swift in Sources */ = {isa = PBXBuildFile; fileRef = 4A07C26F2AB46EED0058EC53 /* NavigationViewModel.swift */; };
		4A5BC0C32AB183BF00CEE36A /* Supa_base_appApp.swift in Sources */ = {isa = PBXBuildFile; fileRef = 4A5BC0C22AB183BF00CEE36A /* Supa_base_appApp.swift */; };
		4A5BC0C52AB183BF00CEE36A /* ContentView.swift in Sources */ = {isa = PBXBuildFile; fileRef = 4A5BC0C42AB183BF00CEE36A /* ContentView.swift */; };
		4A5BC0C72AB183C000CEE36A /* Assets.xcassets in Resources */ = {isa = PBXBuildFile; fileRef = 4A5BC0C62AB183C000CEE36A /* Assets.xcassets */; };
		4A5BC0CA2AB183C000CEE36A /* Preview Assets.xcassets in Resources */ = {isa = PBXBuildFile; fileRef = 4A5BC0C92AB183C000CEE36A /* Preview Assets.xcassets */; };
		4A5BC0D22AB184AC00CEE36A /* Supabase in Frameworks */ = {isa = PBXBuildFile; productRef = 4A5BC0D12AB184AC00CEE36A /* Supabase */; };
		4A5BC0D52AB186B600CEE36A /* AuthViewModel.swift in Sources */ = {isa = PBXBuildFile; fileRef = 4A5BC0D42AB186B600CEE36A /* AuthViewModel.swift */; };
		4A9024972AC19574005EF4BA /* InitView.swift in Sources */ = {isa = PBXBuildFile; fileRef = 4A9024962AC19574005EF4BA /* InitView.swift */; };
		4A90249A2AC1A3C0005EF4BA /* SupabaseAuth.swift in Sources */ = {isa = PBXBuildFile; fileRef = 4A9024992AC1A3C0005EF4BA /* SupabaseAuth.swift */; };
/* End PBXBuildFile section */

/* Begin PBXFileReference section */
		4A07C2692AB466500058EC53 /* HomeView.swift */ = {isa = PBXFileReference; lastKnownFileType = sourcecode.swift; path = HomeView.swift; sourceTree = "<group>"; };
		4A07C26B2AB46EB90058EC53 /* LoginView.swift */ = {isa = PBXFileReference; lastKnownFileType = sourcecode.swift; path = LoginView.swift; sourceTree = "<group>"; };
		4A07C26D2AB46EC70058EC53 /* SignupView.swift */ = {isa = PBXFileReference; lastKnownFileType = sourcecode.swift; path = SignupView.swift; sourceTree = "<group>"; };
		4A07C26F2AB46EED0058EC53 /* NavigationViewModel.swift */ = {isa = PBXFileReference; lastKnownFileType = sourcecode.swift; path = NavigationViewModel.swift; sourceTree = "<group>"; };
		4A5BC0BF2AB183BF00CEE36A /* Supa_base_app.app */ = {isa = PBXFileReference; explicitFileType = wrapper.application; includeInIndex = 0; path = Supa_base_app.app; sourceTree = BUILT_PRODUCTS_DIR; };
		4A5BC0C22AB183BF00CEE36A /* Supa_base_appApp.swift */ = {isa = PBXFileReference; lastKnownFileType = sourcecode.swift; path = Supa_base_appApp.swift; sourceTree = "<group>"; };
		4A5BC0C42AB183BF00CEE36A /* ContentView.swift */ = {isa = PBXFileReference; lastKnownFileType = sourcecode.swift; path = ContentView.swift; sourceTree = "<group>"; };
		4A5BC0C62AB183C000CEE36A /* Assets.xcassets */ = {isa = PBXFileReference; lastKnownFileType = folder.assetcatalog; path = Assets.xcassets; sourceTree = "<group>"; };
		4A5BC0C92AB183C000CEE36A /* Preview Assets.xcassets */ = {isa = PBXFileReference; lastKnownFileType = folder.assetcatalog; path = "Preview Assets.xcassets"; sourceTree = "<group>"; };
		4A5BC0D42AB186B600CEE36A /* AuthViewModel.swift */ = {isa = PBXFileReference; lastKnownFileType = sourcecode.swift; path = AuthViewModel.swift; sourceTree = "<group>"; };
		4A9024962AC19574005EF4BA /* InitView.swift */ = {isa = PBXFileReference; lastKnownFileType = sourcecode.swift; path = InitView.swift; sourceTree = "<group>"; };
		4A9024992AC1A3C0005EF4BA /* SupabaseAuth.swift */ = {isa = PBXFileReference; lastKnownFileType = sourcecode.swift; path = SupabaseAuth.swift; sourceTree = "<group>"; };
/* End PBXFileReference section */

/* Begin PBXFrameworksBuildPhase section */
		4A5BC0BC2AB183BF00CEE36A /* Frameworks */ = {
			isa = PBXFrameworksBuildPhase;
			buildActionMask = 2147483647;
			files = (
				4A5BC0D22AB184AC00CEE36A /* Supabase in Frameworks */,
			);
			runOnlyForDeploymentPostprocessing = 0;
		};
/* End PBXFrameworksBuildPhase section */

/* Begin PBXGroup section */
		4A07C2682AB466400058EC53 /* view */ = {
			isa = PBXGroup;
			children = (
				4A07C2692AB466500058EC53 /* HomeView.swift */,
				4A07C26B2AB46EB90058EC53 /* LoginView.swift */,
				4A07C26D2AB46EC70058EC53 /* SignupView.swift */,
				4A9024962AC19574005EF4BA /* InitView.swift */,
			);
			path = view;
			sourceTree = "<group>";
		};
		4A5BC0B62AB183BF00CEE36A = {
			isa = PBXGroup;
			children = (
				4A5BC0C12AB183BF00CEE36A /* Supa_base_app */,
				4A5BC0C02AB183BF00CEE36A /* Products */,
			);
			sourceTree = "<group>";
		};
		4A5BC0C02AB183BF00CEE36A /* Products */ = {
			isa = PBXGroup;
			children = (
				4A5BC0BF2AB183BF00CEE36A /* Supa_base_app.app */,
			);
			name = Products;
			sourceTree = "<group>";
		};
		4A5BC0C12AB183BF00CEE36A /* Supa_base_app */ = {
			isa = PBXGroup;
			children = (
				4A9024982AC1A3A8005EF4BA /* service */,
				4A07C2682AB466400058EC53 /* view */,
				4A5BC0D32AB1863800CEE36A /* view_model */,
				4A5BC0C22AB183BF00CEE36A /* Supa_base_appApp.swift */,
				4A5BC0C42AB183BF00CEE36A /* ContentView.swift */,
				4A5BC0C62AB183C000CEE36A /* Assets.xcassets */,
				4A5BC0C82AB183C000CEE36A /* Preview Content */,
			);
			path = Supa_base_app;
			sourceTree = "<group>";
		};
		4A5BC0C82AB183C000CEE36A /* Preview Content */ = {
			isa = PBXGroup;
			children = (
				4A5BC0C92AB183C000CEE36A /* Preview Assets.xcassets */,
			);
			path = "Preview Content";
			sourceTree = "<group>";
		};
		4A5BC0D32AB1863800CEE36A /* view_model */ = {
			isa = PBXGroup;
			children = (
				4A5BC0D42AB186B600CEE36A /* AuthViewModel.swift */,
				4A07C26F2AB46EED0058EC53 /* NavigationViewModel.swift */,
			);
			path = view_model;
			sourceTree = "<group>";
		};
		4A9024982AC1A3A8005EF4BA /* service */ = {
			isa = PBXGroup;
			children = (
				4A9024992AC1A3C0005EF4BA /* SupabaseAuth.swift */,
			);
			path = service;
			sourceTree = "<group>";
		};
/* End PBXGroup section */

/* Begin PBXNativeTarget section */
		4A5BC0BE2AB183BF00CEE36A /* Supa_base_app */ = {
			isa = PBXNativeTarget;
			buildConfigurationList = 4A5BC0CD2AB183C000CEE36A /* Build configuration list for PBXNativeTarget "Supa_base_app" */;
			buildPhases = (
				4A5BC0BB2AB183BF00CEE36A /* Sources */,
				4A5BC0BC2AB183BF00CEE36A /* Frameworks */,
				4A5BC0BD2AB183BF00CEE36A /* Resources */,
			);
			buildRules = (
			);
			dependencies = (
			);
			name = Supa_base_app;
			packageProductDependencies = (
				4A5BC0D12AB184AC00CEE36A /* Supabase */,
			);
			productName = Supa_base_app;
			productReference = 4A5BC0BF2AB183BF00CEE36A /* Supa_base_app.app */;
			productType = "com.apple.product-type.application";
		};
/* End PBXNativeTarget section */

/* Begin PBXProject section */
		4A5BC0B72AB183BF00CEE36A /* Project object */ = {
			isa = PBXProject;
			attributes = {
				BuildIndependentTargetsInParallel = 1;
				LastSwiftUpdateCheck = 1500;
				LastUpgradeCheck = 1500;
				TargetAttributes = {
					4A5BC0BE2AB183BF00CEE36A = {
						CreatedOnToolsVersion = 15.0;
					};
				};
			};
			buildConfigurationList = 4A5BC0BA2AB183BF00CEE36A /* Build configuration list for PBXProject "Supa_base_app" */;
			compatibilityVersion = "Xcode 14.0";
			developmentRegion = en;
			hasScannedForEncodings = 0;
			knownRegions = (
				en,
				Base,
			);
			mainGroup = 4A5BC0B62AB183BF00CEE36A;
			packageReferences = (
				4A5BC0D02AB184AC00CEE36A /* XCRemoteSwiftPackageReference "supabase-swift" */,
			);
			productRefGroup = 4A5BC0C02AB183BF00CEE36A /* Products */;
			projectDirPath = "";
			projectRoot = "";
			targets = (
				4A5BC0BE2AB183BF00CEE36A /* Supa_base_app */,
			);
		};
/* End PBXProject section */

/* Begin PBXResourcesBuildPhase section */
		4A5BC0BD2AB183BF00CEE36A /* Resources */ = {
			isa = PBXResourcesBuildPhase;
			buildActionMask = 2147483647;
			files = (
				4A5BC0CA2AB183C000CEE36A /* Preview Assets.xcassets in Resources */,
				4A5BC0C72AB183C000CEE36A /* Assets.xcassets in Resources */,
			);
			runOnlyForDeploymentPostprocessing = 0;
		};
/* End PBXResourcesBuildPhase section */

/* Begin PBXSourcesBuildPhase section */
		4A5BC0BB2AB183BF00CEE36A /* Sources */ = {
			isa = PBXSourcesBuildPhase;
			buildActionMask = 2147483647;
			files = (
				4A9024972AC19574005EF4BA /* InitView.swift in Sources */,
				4A07C26E2AB46EC70058EC53 /* SignupView.swift in Sources */,
				4A5BC0D52AB186B600CEE36A /* AuthViewModel.swift in Sources */,
				4A07C26A2AB466500058EC53 /* HomeView.swift in Sources */,
				4A90249A2AC1A3C0005EF4BA /* SupabaseAuth.swift in Sources */,
				4A07C2702AB46EED0058EC53 /* NavigationViewModel.swift in Sources */,
				4A5BC0C52AB183BF00CEE36A /* ContentView.swift in Sources */,
				4A07C26C2AB46EB90058EC53 /* LoginView.swift in Sources */,
				4A5BC0C32AB183BF00CEE36A /* Supa_base_appApp.swift in Sources */,
			);
			runOnlyForDeploymentPostprocessing = 0;
		};
/* End PBXSourcesBuildPhase section */

/* Begin XCBuildConfiguration section */
		4A5BC0CB2AB183C000CEE36A /* Debug */ = {
			isa = XCBuildConfiguration;
			buildSettings = {
				ALWAYS_SEARCH_USER_PATHS = NO;
				ASSETCATALOG_COMPILER_GENERATE_SWIFT_ASSET_SYMBOL_EXTENSIONS = YES;
				CLANG_ANALYZER_NONNULL = YES;
				CLANG_ANALYZER_NUMBER_OBJECT_CONVERSION = YES_AGGRESSIVE;
				CLANG_CXX_LANGUAGE_STANDARD = "gnu++20";
				CLANG_ENABLE_MODULES = YES;
				CLANG_ENABLE_OBJC_ARC = YES;
				CLANG_ENABLE_OBJC_WEAK = YES;
				CLANG_WARN_BLOCK_CAPTURE_AUTORELEASING = YES;
				CLANG_WARN_BOOL_CONVERSION = YES;
				CLANG_WARN_COMMA = YES;
				CLANG_WARN_CONSTANT_CONVERSION = YES;
				CLANG_WARN_DEPRECATED_OBJC_IMPLEMENTATIONS = YES;
				CLANG_WARN_DIRECT_OBJC_ISA_USAGE = YES_ERROR;
				CLANG_WARN_DOCUMENTATION_COMMENTS = YES;
				CLANG_WARN_EMPTY_BODY = YES;
				CLANG_WARN_ENUM_CONVERSION = YES;
				CLANG_WARN_INFINITE_RECURSION = YES;
				CLANG_WARN_INT_CONVERSION = YES;
				CLANG_WARN_NON_LITERAL_NULL_CONVERSION = YES;
				CLANG_WARN_OBJC_IMPLICIT_RETAIN_SELF = YES;
				CLANG_WARN_OBJC_LITERAL_CONVERSION = YES;
				CLANG_WARN_OBJC_ROOT_CLASS = YES_ERROR;
				CLANG_WARN_QUOTED_INCLUDE_IN_FRAMEWORK_HEADER = YES;
				CLANG_WARN_RANGE_LOOP_ANALYSIS = YES;
				CLANG_WARN_STRICT_PROTOTYPES = YES;
				CLANG_WARN_SUSPICIOUS_MOVE = YES;
				CLANG_WARN_UNGUARDED_AVAILABILITY = YES_AGGRESSIVE;
				CLANG_WARN_UNREACHABLE_CODE = YES;
				CLANG_WARN__DUPLICATE_METHOD_MATCH = YES;
				COPY_PHASE_STRIP = NO;
				DEBUG_INFORMATION_FORMAT = dwarf;
				ENABLE_STRICT_OBJC_MSGSEND = YES;
				ENABLE_TESTABILITY = YES;
				ENABLE_USER_SCRIPT_SANDBOXING = YES;
				GCC_C_LANGUAGE_STANDARD = gnu17;
				GCC_DYNAMIC_NO_PIC = NO;
				GCC_NO_COMMON_BLOCKS = YES;
				GCC_OPTIMIZATION_LEVEL = 0;
				GCC_PREPROCESSOR_DEFINITIONS = (
					"DEBUG=1",
					"$(inherited)",
				);
				GCC_WARN_64_TO_32_BIT_CONVERSION = YES;
				GCC_WARN_ABOUT_RETURN_TYPE = YES_ERROR;
				GCC_WARN_UNDECLARED_SELECTOR = YES;
				GCC_WARN_UNINITIALIZED_AUTOS = YES_AGGRESSIVE;
				GCC_WARN_UNUSED_FUNCTION = YES;
				GCC_WARN_UNUSED_VARIABLE = YES;
				IPHONEOS_DEPLOYMENT_TARGET = 17.0;
				LOCALIZATION_PREFERS_STRING_CATALOGS = YES;
				MTL_ENABLE_DEBUG_INFO = INCLUDE_SOURCE;
				MTL_FAST_MATH = YES;
				ONLY_ACTIVE_ARCH = YES;
				SDKROOT = iphoneos;
				SWIFT_ACTIVE_COMPILATION_CONDITIONS = "DEBUG $(inherited)";
				SWIFT_OPTIMIZATION_LEVEL = "-Onone";
			};
			name = Debug;
		};
		4A5BC0CC2AB183C000CEE36A /* Release */ = {
			isa = XCBuildConfiguration;
			buildSettings = {
				ALWAYS_SEARCH_USER_PATHS = NO;
				ASSETCATALOG_COMPILER_GENERATE_SWIFT_ASSET_SYMBOL_EXTENSIONS = YES;
				CLANG_ANALYZER_NONNULL = YES;
				CLANG_ANALYZER_NUMBER_OBJECT_CONVERSION = YES_AGGRESSIVE;
				CLANG_CXX_LANGUAGE_STANDARD = "gnu++20";
				CLANG_ENABLE_MODULES = YES;
				CLANG_ENABLE_OBJC_ARC = YES;
				CLANG_ENABLE_OBJC_WEAK = YES;
				CLANG_WARN_BLOCK_CAPTURE_AUTORELEASING = YES;
				CLANG_WARN_BOOL_CONVERSION = YES;
				CLANG_WARN_COMMA = YES;
				CLANG_WARN_CONSTANT_CONVERSION = YES;
				CLANG_WARN_DEPRECATED_OBJC_IMPLEMENTATIONS = YES;
				CLANG_WARN_DIRECT_OBJC_ISA_USAGE = YES_ERROR;
				CLANG_WARN_DOCUMENTATION_COMMENTS = YES;
				CLANG_WARN_EMPTY_BODY = YES;
				CLANG_WARN_ENUM_CONVERSION = YES;
				CLANG_WARN_INFINITE_RECURSION = YES;
				CLANG_WARN_INT_CONVERSION = YES;
				CLANG_WARN_NON_LITERAL_NULL_CONVERSION = YES;
				CLANG_WARN_OBJC_IMPLICIT_RETAIN_SELF = YES;
				CLANG_WARN_OBJC_LITERAL_CONVERSION = YES;
				CLANG_WARN_OBJC_ROOT_CLASS = YES_ERROR;
				CLANG_WARN_QUOTED_INCLUDE_IN_FRAMEWORK_HEADER = YES;
				CLANG_WARN_RANGE_LOOP_ANALYSIS = YES;
				CLANG_WARN_STRICT_PROTOTYPES = YES;
				CLANG_WARN_SUSPICIOUS_MOVE = YES;
				CLANG_WARN_UNGUARDED_AVAILABILITY = YES_AGGRESSIVE;
				CLANG_WARN_UNREACHABLE_CODE = YES;
				CLANG_WARN__DUPLICATE_METHOD_MATCH = YES;
				COPY_PHASE_STRIP = NO;
				DEBUG_INFORMATION_FORMAT = "dwarf-with-dsym";
				ENABLE_NS_ASSERTIONS = NO;
				ENABLE_STRICT_OBJC_MSGSEND = YES;
				ENABLE_USER_SCRIPT_SANDBOXING = YES;
				GCC_C_LANGUAGE_STANDARD = gnu17;
				GCC_NO_COMMON_BLOCKS = YES;
				GCC_WARN_64_TO_32_BIT_CONVERSION = YES;
				GCC_WARN_ABOUT_RETURN_TYPE = YES_ERROR;
				GCC_WARN_UNDECLARED_SELECTOR = YES;
				GCC_WARN_UNINITIALIZED_AUTOS = YES_AGGRESSIVE;
				GCC_WARN_UNUSED_FUNCTION = YES;
				GCC_WARN_UNUSED_VARIABLE = YES;
				IPHONEOS_DEPLOYMENT_TARGET = 17.0;
				LOCALIZATION_PREFERS_STRING_CATALOGS = YES;
				MTL_ENABLE_DEBUG_INFO = NO;
				MTL_FAST_MATH = YES;
				SDKROOT = iphoneos;
				SWIFT_COMPILATION_MODE = wholemodule;
				VALIDATE_PRODUCT = YES;
			};
			name = Release;
		};
		4A5BC0CE2AB183C000CEE36A /* Debug */ = {
			isa = XCBuildConfiguration;
			buildSettings = {
				ASSETCATALOG_COMPILER_APPICON_NAME = AppIcon;
				ASSETCATALOG_COMPILER_GLOBAL_ACCENT_COLOR_NAME = AccentColor;
				CODE_SIGN_STYLE = Automatic;
				CURRENT_PROJECT_VERSION = 1;
				DEVELOPMENT_ASSET_PATHS = "\"Supa_base_app/Preview Content\"";
				DEVELOPMENT_TEAM = N65MK7D7BV;
				ENABLE_PREVIEWS = YES;
				GENERATE_INFOPLIST_FILE = YES;
				INFOPLIST_KEY_UIApplicationSceneManifest_Generation = YES;
				INFOPLIST_KEY_UIApplicationSupportsIndirectInputEvents = YES;
				INFOPLIST_KEY_UILaunchScreen_Generation = YES;
				INFOPLIST_KEY_UISupportedInterfaceOrientations_iPad = "UIInterfaceOrientationPortrait UIInterfaceOrientationPortraitUpsideDown UIInterfaceOrientationLandscapeLeft UIInterfaceOrientationLandscapeRight";
				INFOPLIST_KEY_UISupportedInterfaceOrientations_iPhone = "UIInterfaceOrientationPortrait UIInterfaceOrientationLandscapeLeft UIInterfaceOrientationLandscapeRight";
				LD_RUNPATH_SEARCH_PATHS = (
					"$(inherited)",
					"@executable_path/Frameworks",
				);
				MARKETING_VERSION = 1.0;
				PRODUCT_BUNDLE_IDENTIFIER = "pizzeStudio.Supa-base-app";
				PRODUCT_NAME = "$(TARGET_NAME)";
				SWIFT_EMIT_LOC_STRINGS = YES;
				SWIFT_VERSION = 5.0;
				TARGETED_DEVICE_FAMILY = "1,2";
			};
			name = Debug;
		};
		4A5BC0CF2AB183C000CEE36A /* Release */ = {
			isa = XCBuildConfiguration;
			buildSettings = {
				ASSETCATALOG_COMPILER_APPICON_NAME = AppIcon;
				ASSETCATALOG_COMPILER_GLOBAL_ACCENT_COLOR_NAME = AccentColor;
				CODE_SIGN_STYLE = Automatic;
				CURRENT_PROJECT_VERSION = 1;
				DEVELOPMENT_ASSET_PATHS = "\"Supa_base_app/Preview Content\"";
				DEVELOPMENT_TEAM = N65MK7D7BV;
				ENABLE_PREVIEWS = YES;
				GENERATE_INFOPLIST_FILE = YES;
				INFOPLIST_KEY_UIApplicationSceneManifest_Generation = YES;
				INFOPLIST_KEY_UIApplicationSupportsIndirectInputEvents = YES;
				INFOPLIST_KEY_UILaunchScreen_Generation = YES;
				INFOPLIST_KEY_UISupportedInterfaceOrientations_iPad = "UIInterfaceOrientationPortrait UIInterfaceOrientationPortraitUpsideDown UIInterfaceOrientationLandscapeLeft UIInterfaceOrientationLandscapeRight";
				INFOPLIST_KEY_UISupportedInterfaceOrientations_iPhone = "UIInterfaceOrientationPortrait UIInterfaceOrientationLandscapeLeft UIInterfaceOrientationLandscapeRight";
				LD_RUNPATH_SEARCH_PATHS = (
					"$(inherited)",
					"@executable_path/Frameworks",
				);
				MARKETING_VERSION = 1.0;
				PRODUCT_BUNDLE_IDENTIFIER = "pizzeStudio.Supa-base-app";
				PRODUCT_NAME = "$(TARGET_NAME)";
				SWIFT_EMIT_LOC_STRINGS = YES;
				SWIFT_VERSION = 5.0;
				TARGETED_DEVICE_FAMILY = "1,2";
			};
			name = Release;
		};
/* End XCBuildConfiguration section */

/* Begin XCConfigurationList section */
		4A5BC0BA2AB183BF00CEE36A /* Build configuration list for PBXProject "Supa_base_app" */ = {
			isa = XCConfigurationList;
			buildConfigurations = (
				4A5BC0CB2AB183C000CEE36A /* Debug */,
				4A5BC0CC2AB183C000CEE36A /* Release */,
			);
			defaultConfigurationIsVisible = 0;
			defaultConfigurationName = Release;
		};
		4A5BC0CD2AB183C000CEE36A /* Build configuration list for PBXNativeTarget "Supa_base_app" */ = {
			isa = XCConfigurationList;
			buildConfigurations = (
				4A5BC0CE2AB183C000CEE36A /* Debug */,
				4A5BC0CF2AB183C000CEE36A /* Release */,
			);
			defaultConfigurationIsVisible = 0;
			defaultConfigurationName = Release;
		};
/* End XCConfigurationList section */

/* Begin XCRemoteSwiftPackageReference section */
		4A5BC0D02AB184AC00CEE36A /* XCRemoteSwiftPackageReference "supabase-swift" */ = {
			isa = XCRemoteSwiftPackageReference;
			repositoryURL = "https://github.com/supabase/supabase-swift.git";
			requirement = {
				kind = upToNextMajorVersion;
				minimumVersion = 0.3.0;
			};
		};
/* End XCRemoteSwiftPackageReference section */

/* Begin XCSwiftPackageProductDependency section */
		4A5BC0D12AB184AC00CEE36A /* Supabase */ = {
			isa = XCSwiftPackageProductDependency;
			package = 4A5BC0D02AB184AC00CEE36A /* XCRemoteSwiftPackageReference "supabase-swift" */;
			productName = Supabase;
		};
/* End XCSwiftPackageProductDependency section */
	};
	rootObject = 4A5BC0B72AB183BF00CEE36A /* Project object */;
}
